PODS:
  - Expecta (0.3.2)
  - NSURL+IDN (0.3)
  - OCHamcrest (4.1.1)
  - OCMockito (1.3.1):
    - OCHamcrest (~> 4.0)
  - Specta (0.2.1)

DEPENDENCIES:
  - Expecta (~> 0.3.0)
  - NSURL+IDN (~> 0.3)
  - OCMockito (~> 1.3.0)
  - Specta (~> 0.2.1)

SPEC CHECKSUMS:
  Expecta: 8c507baf13211207b1e9d0a741480600e6b4ed15
  NSURL+IDN: 82355a0afd532fe1de08f6417c134b49b1a1c4b3
  OCHamcrest: 6f03ffa81d12feab872638490a44ab0a6d3aca10
  OCMockito: 958f33ee8ad03eeb62e1397ef6b60f5121214ca4
  Specta: 15a276a6343867b426d5ed135d5aa4d04123a573

COCOAPODS: 0.37.2
